# THIS IS AN AUTOGENERATED FILE. DO NOT EDIT THIS FILE DIRECTLY.
# yarn lockfile v1


"@babel/runtime@^7.7.2":
  version "7.7.6"
  resolved "https://registry.yarnpkg.com/@babel/runtime/-/runtime-7.7.6.tgz#d18c511121aff1b4f2cd1d452f1bac9601dd830f"
  integrity sha512-BWAJxpNVa0QlE5gZdWjSxXtemZyZ9RmrmVozxt3NUXeZhVIJ5ANyqmMc0JDrivBZyxUuQvFxlvH4OWWOogGfUw==
  dependencies:
    regenerator-runtime "^0.13.2"

"@xstyled/core@^1.15.0":
  version "1.15.0"
  resolved "https://registry.yarnpkg.com/@xstyled/core/-/core-1.15.0.tgz#0f67671f654d92d276a876edee6ef8878ee6694c"
  integrity sha512-PMbo0Q8eDUPKzho8idjAZ05170ifRRkjroQXx3NuHeSwCVaj7MCpsZPXwBj3eEzTrpq7/aWORJLsaPKE0Pmovw==
  dependencies:
    "@babel/runtime" "^7.7.2"
    "@xstyled/system" "^1.14.0"

"@xstyled/styled-components@^1.8.3":
  version "1.15.0"
  resolved "https://registry.yarnpkg.com/@xstyled/styled-components/-/styled-components-1.15.0.tgz#f5983ba5f3aecc933674f1c3d173d3e0e7a97e86"
  integrity sha512-H7wyEUXe3aYKQbWvSSQV/RXz5yCflkhkKp3Z7dXA3J4vdPBfZQfKYz0fs1dMS3MolodSvQ7m7+9+vkHWd5QAxA==
  dependencies:
    "@babel/runtime" "^7.7.2"
    "@xstyled/core" "^1.15.0"
    "@xstyled/system" "^1.14.0"
    "@xstyled/util" "^1.14.0"

"@xstyled/system@^1.14.0", "@xstyled/system@^1.8.2":
  version "1.14.0"
  resolved "https://registry.yarnpkg.com/@xstyled/system/-/system-1.14.0.tgz#c1497569d60c4d1d9303139ffd0fca0af8a556fe"
  integrity sha512-f2cGUD4X4nQ3WjxUTDZLWZMLH0rN9GqoUizw7ZtHryA++2AvxwkJkaQNWP/VkR7PM5/KFJRdiYlCiVUG7xB0zA==
  dependencies:
    "@babel/runtime" "^7.7.2"
    "@xstyled/util" "^1.14.0"

"@xstyled/util@^1.14.0":
  version "1.14.0"
  resolved "https://registry.yarnpkg.com/@xstyled/util/-/util-1.14.0.tgz#467ca02df7cb6786e6d6eaf9d8a7aecf3269f52b"
  integrity sha512-lLz0tVi2GpjBZ1P0y+CB+P+y2Pzymm2fxJk3AeDGe73OD1Silhw3dCTHTn+2R2O2rC8JSmErowOEUvIx5DZxvw==
  dependencies:
    "@babel/runtime" "^7.7.2"

body-scroll-lock@^2.6.4:
  version "2.6.4"
  resolved "https://registry.yarnpkg.com/body-scroll-lock/-/body-scroll-lock-2.6.4.tgz#567abc60ef4d656a79156781771398ef40462e94"
  integrity sha512-NP08WsovlmxEoZP9pdlqrE+AhNaivlTrz9a0FF37BQsnOrpN48eNqivKkE7SYpM9N+YIPjsdVzfLAUQDBm6OQw==

popper.js@^1.16.0:
  version "1.16.0"
  resolved "https://registry.yarnpkg.com/popper.js/-/popper.js-1.16.0.tgz#2e1816bcbbaa518ea6c2e15a466f4cb9c6e2fbb3"
  integrity sha512-+G+EkOPoE5S/zChTpmBSSDYmhXJ5PsW8eMhH8cP/CQHMFPBG/kC9Y5IIw6qNYgdJ+/COf0ddY2li28iHaZRSjw==

reakit-system@^0.7.1:
  version "0.7.1"
  resolved "https://registry.yarnpkg.com/reakit-system/-/reakit-system-0.7.1.tgz#ab794823ed1dce5aa7269fcca5a193097950f8b1"
  integrity sha512-a7hGv5hVe2yjSmy9EgCe6wgeBC/EPoLXxp9XFuP2VWmFw8ufJ4K7hvY/OWRgqxZHgoEoUWbO6fxYYEfZ7YfoPg==

reakit-utils@^0.7.2:
  version "0.7.2"
  resolved "https://registry.yarnpkg.com/reakit-utils/-/reakit-utils-0.7.2.tgz#5e19016f4ad2bf07f70d8c38d3f9a44dbf7f3e87"
  integrity sha512-cHG5QjimeYQEWJjmrEK+p2YwaOiqbwkbhzZlqQHOfYj5h7B/MrpyssVYlDBSQozEXM9pZwtUFGQSI2bG9jok9A==

reakit@^1.0.0-beta.7:
  version "1.0.0-beta.13"
  resolved "https://registry.yarnpkg.com/reakit/-/reakit-1.0.0-beta.13.tgz#f29cb481250a628782e745f44b014a9a7fe3c0be"
  integrity sha512-lQ50v2801aBi6+8pZ3iD09U7URYNGEo99vrF+NSPlDzYWofbiIAiEZ2hpTnNtc/8OXZusrkrVW1d8rsmJGNWhw==
  dependencies:
    body-scroll-lock "^2.6.4"
    popper.js "^1.16.0"
    reakit-system "^0.7.1"
    reakit-utils "^0.7.2"

regenerator-runtime@^0.13.2:
  version "0.13.3"
  resolved "https://registry.yarnpkg.com/regenerator-runtime/-/regenerator-runtime-0.13.3.tgz#7cf6a77d8f5c6f60eb73c5fc1955b2ceb01e6bf5"
  integrity sha512-naKIZz2GQ8JWh///G7L3X6LaQUAMp2lvb1rvwwsURe/VXwD6VMfr+/1NuNw3ag8v2kY1aQ/go5SNn79O9JU7yw==
