# THIS IS AN AUTOGENERATED FILE. DO NOT EDIT THIS FILE DIRECTLY.
# yarn lockfile v1


"@babel/code-frame@^7.0.0", "@babel/code-frame@^7.5.5":
  version "7.5.5"
  resolved "https://registry.yarnpkg.com/@babel/code-frame/-/code-frame-7.5.5.tgz#bc0782f6d69f7b7d49531219699b988f669a8f9d"
  integrity sha512-27d4lZoomVyo51VegxI20xZPuSHusqbQag/ztrBC7wegWoQ1nLREPVSKSW8byhTlzTKyNE4ifaTA6lCp7JjpFw==
  dependencies:
    "@babel/highlight" "^7.0.0"

"@babel/generator@^7.7.4":
  version "7.7.4"
  resolved "https://registry.yarnpkg.com/@babel/generator/-/generator-7.7.4.tgz#db651e2840ca9aa66f327dcec1dc5f5fa9611369"
  integrity sha512-m5qo2WgdOJeyYngKImbkyQrnUN1mPceaG5BV+G0E3gWsa4l/jCSryWJdM2x8OuGAOyh+3d5pVYfZWCiNFtynxg==
  dependencies:
    "@babel/types" "^7.7.4"
    jsesc "^2.5.1"
    lodash "^4.17.13"
    source-map "^0.5.0"

"@babel/helper-annotate-as-pure@^7.0.0":
  version "7.7.4"
  resolved "https://registry.yarnpkg.com/@babel/helper-annotate-as-pure/-/helper-annotate-as-pure-7.7.4.tgz#bb3faf1e74b74bd547e867e48f551fa6b098b6ce"
  integrity sha512-2BQmQgECKzYKFPpiycoF9tlb5HA4lrVyAmLLVK177EcQAqjVLciUb2/R+n1boQ9y5ENV3uz2ZqiNw7QMBBw1Og==
  dependencies:
    "@babel/types" "^7.7.4"

"@babel/helper-function-name@^7.7.4":
  version "7.7.4"
  resolved "https://registry.yarnpkg.com/@babel/helper-function-name/-/helper-function-name-7.7.4.tgz#ab6e041e7135d436d8f0a3eca15de5b67a341a2e"
  integrity sha512-AnkGIdiBhEuiwdoMnKm7jfPfqItZhgRaZfMg1XX3bS25INOnLPjPG1Ppnajh8eqgt5kPJnfqrRHqFqmjKDZLzQ==
  dependencies:
    "@babel/helper-get-function-arity" "^7.7.4"
    "@babel/template" "^7.7.4"
    "@babel/types" "^7.7.4"

"@babel/helper-get-function-arity@^7.7.4":
  version "7.7.4"
  resolved "https://registry.yarnpkg.com/@babel/helper-get-function-arity/-/helper-get-function-arity-7.7.4.tgz#cb46348d2f8808e632f0ab048172130e636005f0"
  integrity sha512-QTGKEdCkjgzgfJ3bAyRwF4yyT3pg+vDgan8DSivq1eS0gwi+KGKE5x8kRcbeFTb/673mkO5SN1IZfmCfA5o+EA==
  dependencies:
    "@babel/types" "^7.7.4"

"@babel/helper-module-imports@^7.0.0":
  version "7.7.4"
  resolved "https://registry.yarnpkg.com/@babel/helper-module-imports/-/helper-module-imports-7.7.4.tgz#e5a92529f8888bf319a6376abfbd1cebc491ad91"
  integrity sha512-dGcrX6K9l8258WFjyDLJwuVKxR4XZfU0/vTUgOQYWEnRD8mgr+p4d6fCUMq/ys0h4CCt/S5JhbvtyErjWouAUQ==
  dependencies:
    "@babel/types" "^7.7.4"

"@babel/helper-split-export-declaration@^7.7.4":
  version "7.7.4"
  resolved "https://registry.yarnpkg.com/@babel/helper-split-export-declaration/-/helper-split-export-declaration-7.7.4.tgz#57292af60443c4a3622cf74040ddc28e68336fd8"
  integrity sha512-guAg1SXFcVr04Guk9eq0S4/rWS++sbmyqosJzVs8+1fH5NI+ZcmkaSkc7dmtAFbHFva6yRJnjW3yAcGxjueDug==
  dependencies:
    "@babel/types" "^7.7.4"

"@babel/highlight@^7.0.0":
  version "7.5.0"
  resolved "https://registry.yarnpkg.com/@babel/highlight/-/highlight-7.5.0.tgz#56d11312bd9248fa619591d02472be6e8cb32540"
  integrity sha512-7dV4eu9gBxoM0dAnj/BCFDW9LFU0zvTrkq0ugM7pnHEgguOEeOz1so2ZghEdzviYzQEED0r4EAgpsBChKy1TRQ==
  dependencies:
    chalk "^2.0.0"
    esutils "^2.0.2"
    js-tokens "^4.0.0"

"@babel/parser@^7.7.4":
  version "7.7.5"
  resolved "https://registry.yarnpkg.com/@babel/parser/-/parser-7.7.5.tgz#cbf45321619ac12d83363fcf9c94bb67fa646d71"
  integrity sha512-KNlOe9+/nk4i29g0VXgl8PEXIRms5xKLJeuZ6UptN0fHv+jDiriG+y94X6qAgWTR0h3KaoM1wK5G5h7MHFRSig==

"@babel/runtime@^7.1.2", "@babel/runtime@^7.4.5", "@babel/runtime@^7.6.3", "@babel/runtime@^7.7.2":
  version "7.7.6"
  resolved "https://registry.yarnpkg.com/@babel/runtime/-/runtime-7.7.6.tgz#d18c511121aff1b4f2cd1d452f1bac9601dd830f"
  integrity sha512-BWAJxpNVa0QlE5gZdWjSxXtemZyZ9RmrmVozxt3NUXeZhVIJ5ANyqmMc0JDrivBZyxUuQvFxlvH4OWWOogGfUw==
  dependencies:
    regenerator-runtime "^0.13.2"

"@babel/template@^7.7.4":
  version "7.7.4"
  resolved "https://registry.yarnpkg.com/@babel/template/-/template-7.7.4.tgz#428a7d9eecffe27deac0a98e23bf8e3675d2a77b"
  integrity sha512-qUzihgVPguAzXCK7WXw8pqs6cEwi54s3E+HrejlkuWO6ivMKx9hZl3Y2fSXp9i5HgyWmj7RKP+ulaYnKM4yYxw==
  dependencies:
    "@babel/code-frame" "^7.0.0"
    "@babel/parser" "^7.7.4"
    "@babel/types" "^7.7.4"

"@babel/traverse@^7.0.0":
  version "7.7.4"
  resolved "https://registry.yarnpkg.com/@babel/traverse/-/traverse-7.7.4.tgz#9c1e7c60fb679fe4fcfaa42500833333c2058558"
  integrity sha512-P1L58hQyupn8+ezVA2z5KBm4/Zr4lCC8dwKCMYzsa5jFMDMQAzaBNy9W5VjB+KAmBjb40U7a/H6ao+Xo+9saIw==
  dependencies:
    "@babel/code-frame" "^7.5.5"
    "@babel/generator" "^7.7.4"
    "@babel/helper-function-name" "^7.7.4"
    "@babel/helper-split-export-declaration" "^7.7.4"
    "@babel/parser" "^7.7.4"
    "@babel/types" "^7.7.4"
    debug "^4.1.0"
    globals "^11.1.0"
    lodash "^4.17.13"

"@babel/types@^7.7.4":
  version "7.7.4"
  resolved "https://registry.yarnpkg.com/@babel/types/-/types-7.7.4.tgz#516570d539e44ddf308c07569c258ff94fde9193"
  integrity sha512-cz5Ji23KCi4T+YIE/BolWosrJuSmoZeN1EFnRtBwF+KKLi8GG/Z2c2hOJJeCXPk4mwk4QFvTmwIodJowXgttRA==
  dependencies:
    esutils "^2.0.2"
    lodash "^4.17.13"
    to-fast-properties "^2.0.0"

"@emotion/is-prop-valid@^0.8.1":
  version "0.8.5"
  resolved "https://registry.yarnpkg.com/@emotion/is-prop-valid/-/is-prop-valid-0.8.5.tgz#2dda0791f0eafa12b7a0a5b39858405cc7bde983"
  integrity sha512-6ZODuZSFofbxSbcxwsFz+6ioPjb0ISJRRPLZ+WIbjcU2IMU0Io+RGQjjaTgOvNQl007KICBm7zXQaYQEC1r6Bg==
  dependencies:
    "@emotion/memoize" "0.7.3"

"@emotion/memoize@0.7.3":
  version "0.7.3"
  resolved "https://registry.yarnpkg.com/@emotion/memoize/-/memoize-0.7.3.tgz#5b6b1c11d6a6dddf1f2fc996f74cf3b219644d78"
  integrity sha512-2Md9mH6mvo+ygq1trTeVp2uzAKwE2P7In0cRpD/M9Q70aH8L+rxMLbb3JCN2JoSWsV2O+DdFjfbbXoMoLBczow==

"@emotion/unitless@^0.7.0":
  version "0.7.4"
  resolved "https://registry.yarnpkg.com/@emotion/unitless/-/unitless-0.7.4.tgz#a87b4b04e5ae14a88d48ebef15015f6b7d1f5677"
  integrity sha512-kBa+cDHOR9jpRJ+kcGMsysrls0leukrm68DmFQoMIWQcXdr2cZvyvypWuGYT7U+9kAExUE7+T7r6G3C3A6L8MQ==

"@types/codemirror@^0.0.65":
  version "0.0.65"
  resolved "https://registry.yarnpkg.com/@types/codemirror/-/codemirror-0.0.65.tgz#5f8d546d40c9d2acb1166167aae9e70d1b9a83b7"
  integrity sha512-XJo1mbkiLI0M4zR1LqpM6ljDgnpIoDkqs3JPp0jLZ8DHbqbha+YNWemhlqQyJrLIame+eOkefrL8U+NNPB4FAQ==

"@xstyled/core@^1.15.0":
  version "1.15.0"
  resolved "https://registry.yarnpkg.com/@xstyled/core/-/core-1.15.0.tgz#0f67671f654d92d276a876edee6ef8878ee6694c"
  integrity sha512-PMbo0Q8eDUPKzho8idjAZ05170ifRRkjroQXx3NuHeSwCVaj7MCpsZPXwBj3eEzTrpq7/aWORJLsaPKE0Pmovw==
  dependencies:
    "@babel/runtime" "^7.7.2"
    "@xstyled/system" "^1.14.0"

"@xstyled/styled-components@^1.8.3":
  version "1.15.0"
  resolved "https://registry.yarnpkg.com/@xstyled/styled-components/-/styled-components-1.15.0.tgz#f5983ba5f3aecc933674f1c3d173d3e0e7a97e86"
  integrity sha512-H7wyEUXe3aYKQbWvSSQV/RXz5yCflkhkKp3Z7dXA3J4vdPBfZQfKYz0fs1dMS3MolodSvQ7m7+9+vkHWd5QAxA==
  dependencies:
    "@babel/runtime" "^7.7.2"
    "@xstyled/core" "^1.15.0"
    "@xstyled/system" "^1.14.0"
    "@xstyled/util" "^1.14.0"

"@xstyled/system@^1.14.0", "@xstyled/system@^1.8.2":
  version "1.14.0"
  resolved "https://registry.yarnpkg.com/@xstyled/system/-/system-1.14.0.tgz#c1497569d60c4d1d9303139ffd0fca0af8a556fe"
  integrity sha512-f2cGUD4X4nQ3WjxUTDZLWZMLH0rN9GqoUizw7ZtHryA++2AvxwkJkaQNWP/VkR7PM5/KFJRdiYlCiVUG7xB0zA==
  dependencies:
    "@babel/runtime" "^7.7.2"
    "@xstyled/util" "^1.14.0"

"@xstyled/util@^1.14.0":
  version "1.14.0"
  resolved "https://registry.yarnpkg.com/@xstyled/util/-/util-1.14.0.tgz#467ca02df7cb6786e6d6eaf9d8a7aecf3269f52b"
  integrity sha512-lLz0tVi2GpjBZ1P0y+CB+P+y2Pzymm2fxJk3AeDGe73OD1Silhw3dCTHTn+2R2O2rC8JSmErowOEUvIx5DZxvw==
  dependencies:
    "@babel/runtime" "^7.7.2"

ansi-styles@^3.2.1:
  version "3.2.1"
  resolved "https://registry.yarnpkg.com/ansi-styles/-/ansi-styles-3.2.1.tgz#41fbb20243e50b12be0f04b8dedbf07520ce841d"
  integrity sha512-VT0ZI6kZRdTh8YyJw3SMbYm/u+NqfsAxEpWO0Pf9sq8/e94WxxOpPKx9FR1FlyCtOVDNOQ+8ntlqFxiRc+r5qA==
  dependencies:
    color-convert "^1.9.0"

attr-accept@^2.0.0:
  version "2.0.0"
  resolved "https://registry.yarnpkg.com/attr-accept/-/attr-accept-2.0.0.tgz#8422fef5ee4a511c207796c888227ab5de03306f"
  integrity sha512-I9SDP4Wvh2ItYYoafEg8hFpsBe96pfQ+eabceShXt3sw2fbIP96+Aoj9zZE0vkZNAkXXzHJATVRuWz+h9FxJxQ==

"babel-plugin-styled-components@>= 1":
  version "1.10.6"
  resolved "https://registry.yarnpkg.com/babel-plugin-styled-components/-/babel-plugin-styled-components-1.10.6.tgz#f8782953751115faf09a9f92431436912c34006b"
  integrity sha512-gyQj/Zf1kQti66100PhrCRjI5ldjaze9O0M3emXRPAN80Zsf8+e1thpTpaXJXVHXtaM4/+dJEgZHyS9Its+8SA==
  dependencies:
    "@babel/helper-annotate-as-pure" "^7.0.0"
    "@babel/helper-module-imports" "^7.0.0"
    babel-plugin-syntax-jsx "^6.18.0"
    lodash "^4.17.11"

babel-plugin-syntax-jsx@^6.18.0:
  version "6.18.0"
  resolved "https://registry.yarnpkg.com/babel-plugin-syntax-jsx/-/babel-plugin-syntax-jsx-6.18.0.tgz#0af32a9a6e13ca7a3fd5069e62d7b0f58d0d8946"
  integrity sha1-CvMqmm4Tyno/1QaeYtew9Y0NiUY=

body-scroll-lock@^2.6.4:
  version "2.6.4"
  resolved "https://registry.yarnpkg.com/body-scroll-lock/-/body-scroll-lock-2.6.4.tgz#567abc60ef4d656a79156781771398ef40462e94"
  integrity sha512-NP08WsovlmxEoZP9pdlqrE+AhNaivlTrz9a0FF37BQsnOrpN48eNqivKkE7SYpM9N+YIPjsdVzfLAUQDBm6OQw==

camelize@^1.0.0:
  version "1.0.0"
  resolved "https://registry.yarnpkg.com/camelize/-/camelize-1.0.0.tgz#164a5483e630fa4321e5af07020e531831b2609b"
  integrity sha1-FkpUg+Yw+kMh5a8HAg5TGDGyYJs=

chalk@^2.0.0:
  version "2.4.2"
  resolved "https://registry.yarnpkg.com/chalk/-/chalk-2.4.2.tgz#cd42541677a54333cf541a49108c1432b44c9424"
  integrity sha512-Mti+f9lpJNcwF4tWV8/OrTTtF1gZi+f8FqlyAdouralcFWFQWF2+NgCHShjkCb+IFBLq9buZwE1xckQU4peSuQ==
  dependencies:
    ansi-styles "^3.2.1"
    escape-string-regexp "^1.0.5"
    supports-color "^5.3.0"

classnames@^2.2.6:
  version "2.2.6"
  resolved "https://registry.yarnpkg.com/classnames/-/classnames-2.2.6.tgz#43935bffdd291f326dad0a205309b38d00f650ce"
  integrity sha512-JR/iSQOSt+LQIWwrwEzJ9uk0xfN3mTVYMwt1Ir5mUcSN6pU+V4zQFFaJsclJbPuAUQH+yfWef6tm7l1quW3C8Q==

codemirror-spell-checker@1.1.2:
  version "1.1.2"
  resolved "https://registry.yarnpkg.com/codemirror-spell-checker/-/codemirror-spell-checker-1.1.2.tgz#1c660f9089483ccb5113b9ba9ca19c3f4993371e"
  integrity sha1-HGYPkIlIPMtRE7m6nKGcP0mTNx4=
  dependencies:
    typo-js "*"

codemirror@^5.48.4:
  version "5.49.2"
  resolved "https://registry.yarnpkg.com/codemirror/-/codemirror-5.49.2.tgz#c84fdaf11b19803f828b0c67060c7bc6d154ccad"
  integrity sha512-dwJ2HRPHm8w51WB5YTF9J7m6Z5dtkqbU9ntMZ1dqXyFB9IpjoUFDj80ahRVEoVanfIp6pfASJbOlbWdEf8FOzQ==

color-convert@^1.9.0:
  version "1.9.3"
  resolved "https://registry.yarnpkg.com/color-convert/-/color-convert-1.9.3.tgz#bb71850690e1f136567de629d2d5471deda4c1e8"
  integrity sha512-QfAUtd+vFdAtFQcC8CCyYt1fYWxSqAiK2cSD6zDB8N3cpsEBAvRxp9zOGg6G/SHHJYAT88/az/IuDGALsNVbGg==
  dependencies:
    color-name "1.1.3"

color-name@1.1.3:
  version "1.1.3"
  resolved "https://registry.yarnpkg.com/color-name/-/color-name-1.1.3.tgz#a7d0558bd89c42f795dd42328f740831ca53bc25"
  integrity sha1-p9BVi9icQveV3UIyj3QIMcpTvCU=

compute-scroll-into-view@^1.0.9:
  version "1.0.11"
  resolved "https://registry.yarnpkg.com/compute-scroll-into-view/-/compute-scroll-into-view-1.0.11.tgz#7ff0a57f9aeda6314132d8994cce7aeca794fecf"
  integrity sha512-uUnglJowSe0IPmWOdDtrlHXof5CTIJitfJEyITHBW6zDVOGu9Pjk5puaLM73SLcwak0L4hEjO7Td88/a6P5i7A==

create-react-context@^0.3.0:
  version "0.3.0"
  resolved "https://registry.yarnpkg.com/create-react-context/-/create-react-context-0.3.0.tgz#546dede9dc422def0d3fc2fe03afe0bc0f4f7d8c"
  integrity sha512-dNldIoSuNSvlTJ7slIKC/ZFGKexBMBrrcc+TTe1NdmROnaASuLPvqpwj9v4XS4uXZ8+YPu0sNmShX2rXI5LNsw==
  dependencies:
    gud "^1.0.0"
    warning "^4.0.3"

css-color-keywords@^1.0.0:
  version "1.0.0"
  resolved "https://registry.yarnpkg.com/css-color-keywords/-/css-color-keywords-1.0.0.tgz#fea2616dc676b2962686b3af8dbdbe180b244e05"
  integrity sha1-/qJhbcZ2spYmhrOvjb2+GAskTgU=

css-to-react-native@^2.2.2:
  version "2.3.2"
  resolved "https://registry.yarnpkg.com/css-to-react-native/-/css-to-react-native-2.3.2.tgz#e75e2f8f7aa385b4c3611c52b074b70a002f2e7d"
  integrity sha512-VOFaeZA053BqvvvqIA8c9n0+9vFppVBAHCp6JgFTtTMU3Mzi+XnelJ9XC9ul3BqFzZyQ5N+H0SnwsWT2Ebchxw==
  dependencies:
    camelize "^1.0.0"
    css-color-keywords "^1.0.0"
    postcss-value-parser "^3.3.0"

date-fns@^2.0.1:
  version "2.8.1"
  resolved "https://registry.yarnpkg.com/date-fns/-/date-fns-2.8.1.tgz#2109362ccb6c87c3ca011e9e31f702bc09e4123b"
  integrity sha512-EL/C8IHvYRwAHYgFRse4MGAPSqlJVlOrhVYZ75iQBKrnv+ZedmYsgwH3t+BCDuZDXpoo07+q9j4qgSSOa7irJg==

debug@^4.1.0:
  version "4.1.1"
  resolved "https://registry.yarnpkg.com/debug/-/debug-4.1.1.tgz#3b72260255109c6b589cee050f1d516139664791"
  integrity sha512-pYAIzeRo8J6KPEaJ0VWOh5Pzkbw/RetuzehGM7QRRX5he4fPHx2rdKMB256ehJCkX+XRQm16eZLqLNS8RSZXZw==
  dependencies:
    ms "^2.1.1"

deep-equal@^1.1.1:
  version "1.1.1"
  resolved "https://registry.yarnpkg.com/deep-equal/-/deep-equal-1.1.1.tgz#b5c98c942ceffaf7cb051e24e1434a25a2e6076a"
  integrity sha512-yd9c5AdiqVcR+JjcwUQb9DkhJc8ngNr0MahEBGvDiJw8puWab2yZlh+nkasOnZP+EGTAP6rRp2JzJhJZzvNF8g==
  dependencies:
    is-arguments "^1.0.4"
    is-date-object "^1.0.1"
    is-regex "^1.0.4"
    object-is "^1.0.1"
    object-keys "^1.1.1"
    regexp.prototype.flags "^1.2.0"

define-properties@^1.1.2:
  version "1.1.3"
  resolved "https://registry.yarnpkg.com/define-properties/-/define-properties-1.1.3.tgz#cf88da6cbee26fe6db7094f61d870cbd84cee9f1"
  integrity sha512-3MqfYKj2lLzdMSf8ZIZE/V+Zuy+BgD6f164e8K2w7dgnpKArBDerGYpM46IYYcjnkdPNMjPk9A6VFB8+3SKlXQ==
  dependencies:
    object-keys "^1.0.12"

downshift@=3.2.10:
  version "3.2.10"
  resolved "https://registry.yarnpkg.com/downshift/-/downshift-3.2.10.tgz#00f8e50383199c3f07ce63b575a840e2918b7b9f"
  integrity sha512-fEYNbV/qDLUHTxF9wALNe51Xe5zauUhy2sqgYG1CtmAfUFMI30UuSaisU8CD0DEsFSIsaEvsVgtabb6nTEhtaA==
  dependencies:
    "@babel/runtime" "^7.1.2"
    compute-scroll-into-view "^1.0.9"
    prop-types "^15.6.0"
    react-is "^16.5.2"

easymde@^2.6.0:
  version "2.8.0"
  resolved "https://registry.yarnpkg.com/easymde/-/easymde-2.8.0.tgz#a2f5e2618f23f4eaef3aee50056b6172dc6ead7e"
  integrity sha512-ci0c31shzLYO9OzTcCveEr5MMghO3f+BIa58HjEJf7nYMAQxNl4gCQSk2A8+k2jTsBYln2wSF/+4lSjkvgHQww==
  dependencies:
    codemirror "^5.48.4"
    codemirror-spell-checker "1.1.2"
    marked "^0.7.0"

emoji-mart@=2.11.1:
  version "2.11.1"
  resolved "https://registry.yarnpkg.com/emoji-mart/-/emoji-mart-2.11.1.tgz#fc9330b513803c17b98c9ad289c12ab61ff05f8f"
  integrity sha512-Hr4N56YEkaPtmojO2dfgnMLLE/d5HpnhH0+M8cw9LRHpG2EgQQaCelRad3d5qQAPHI5+K0wMc/rwM0eRo0FnUA==
  dependencies:
    prop-types "^15.6.0"

escape-string-regexp@^1.0.5:
  version "1.0.5"
  resolved "https://registry.yarnpkg.com/escape-string-regexp/-/escape-string-regexp-1.0.5.tgz#1b61c0562190a8dff6ae3bb2cf0200ca130b86d4"
  integrity sha1-G2HAViGQqN/2rjuyzwIAyhMLhtQ=

esutils@^2.0.2:
  version "2.0.3"
  resolved "https://registry.yarnpkg.com/esutils/-/esutils-2.0.3.tgz#74d2eb4de0b8da1293711910d50775b9b710ef64"
  integrity sha512-kVscqXk4OCp68SZ0dkgEKVi6/8ij300KBWTJq32P/dYeWTSwK41WyTxalN1eRmA5Z9UU/LX9D7FWSmV9SAYx6g==

file-selector@^0.1.12:
  version "0.1.12"
  resolved "https://registry.yarnpkg.com/file-selector/-/file-selector-0.1.12.tgz#fe726547be219a787a9dcc640575a04a032b1fd0"
  integrity sha512-Kx7RTzxyQipHuiqyZGf+Nz4vY9R1XGxuQl/hLoJwq+J4avk/9wxxgZyHKtbyIPJmbD4A66DWGYfyykWNpcYutQ==
  dependencies:
    tslib "^1.9.0"

function-bind@^1.1.1:
  version "1.1.1"
  resolved "https://registry.yarnpkg.com/function-bind/-/function-bind-1.1.1.tgz#a56899d3ea3c9bab874bb9773b7c5ede92f4895d"
  integrity sha512-yIovAzMX49sF8Yl58fSCWJ5svSLuaibPxXQJFLmBObTuCr0Mf1KiPopGM9NiFjiYBCbfaa2Fh6breQ6ANVTI0A==

globals@^11.1.0:
  version "11.12.0"
  resolved "https://registry.yarnpkg.com/globals/-/globals-11.12.0.tgz#ab8795338868a0babd8525758018c2a7eb95c42e"
  integrity sha512-WOBp/EEGUiIsJSp7wcv/y6MO+lV9UoncWqxuFfm8eBwzWNgyfBd6Gz+IeKQ9jCmyhoH99g15M3T+QaVHFjizVA==

gud@^1.0.0:
  version "1.0.0"
  resolved "https://registry.yarnpkg.com/gud/-/gud-1.0.0.tgz#a489581b17e6a70beca9abe3ae57de7a499852c0"
  integrity sha512-zGEOVKFM5sVPPrYs7J5/hYEw2Pof8KCyOwyhG8sAF26mCAeUFAcYPu1mwB7hhpIP29zOIBaDqwuHdLp0jvZXjw==

has-flag@^3.0.0:
  version "3.0.0"
  resolved "https://registry.yarnpkg.com/has-flag/-/has-flag-3.0.0.tgz#b5d454dc2199ae225699f3467e5a07f3b955bafd"
  integrity sha1-tdRU3CGZriJWmfNGfloH87lVuv0=

has@^1.0.1:
  version "1.0.3"
  resolved "https://registry.yarnpkg.com/has/-/has-1.0.3.tgz#722d7cbfc1f6aa8241f16dd814e011e1f41e8796"
  integrity sha512-f2dvO0VU6Oej7RkWJGrehjbzMAjFp5/VKPp5tTpWIV4JHHZK1/BxbFRtf/siA2SWTe09caDmVtYYzWEIbBS4zw==
  dependencies:
    function-bind "^1.1.1"

is-arguments@^1.0.4:
  version "1.0.4"
  resolved "https://registry.yarnpkg.com/is-arguments/-/is-arguments-1.0.4.tgz#3faf966c7cba0ff437fb31f6250082fcf0448cf3"
  integrity sha512-xPh0Rmt8NE65sNzvyUmWgI1tz3mKq74lGA0mL8LYZcoIzKOzDh6HmrYm3d18k60nHerC8A9Km8kYu87zfSFnLA==

is-date-object@^1.0.1:
  version "1.0.1"
  resolved "https://registry.yarnpkg.com/is-date-object/-/is-date-object-1.0.1.tgz#9aa20eb6aeebbff77fbd33e74ca01b33581d3a16"
  integrity sha1-mqIOtq7rv/d/vTPnTKAbM1gdOhY=

is-regex@^1.0.4:
  version "1.0.4"
  resolved "https://registry.yarnpkg.com/is-regex/-/is-regex-1.0.4.tgz#5517489b547091b0930e095654ced25ee97e9491"
  integrity sha1-VRdIm1RwkbCTDglWVM7SXul+lJE=
  dependencies:
    has "^1.0.1"

is-what@^3.3.1:
  version "3.4.0"
  resolved "https://registry.yarnpkg.com/is-what/-/is-what-3.4.0.tgz#a9b3fe0c22f52d49efef977f640da44e65a3f866"
  integrity sha512-oFdBRuSY9PocqPoUUseDXek4I+A1kWGigZGhuG+7GEkp0tRkek11adc0HbTEVsNvtojV7rp0uhf5LWtGvHzoOQ==

"js-tokens@^3.0.0 || ^4.0.0", js-tokens@^4.0.0:
  version "4.0.0"
  resolved "https://registry.yarnpkg.com/js-tokens/-/js-tokens-4.0.0.tgz#19203fb59991df98e3a287050d4647cdeaf32499"
  integrity sha512-RdJUflcE3cUzKiMqQgsCu06FPu9UdIJO0beYbPhHN4k6apgJtifcoCtT9bcxOpYBtpD2kCM6Sbzg4CausW/PKQ==

jsesc@^2.5.1:
  version "2.5.2"
  resolved "https://registry.yarnpkg.com/jsesc/-/jsesc-2.5.2.tgz#80564d2e483dacf6e8ef209650a67df3f0c283a4"
  integrity sha512-OYu7XEzjkCQ3C5Ps3QIZsQfNpqoJyZZA99wd9aWd05NCtC5pWOkShK2mkL6HXQR6/Cy2lbNdPlZBpuQHXE63gA==

lodash.capitalize@=4.2.1:
  version "4.2.1"
  resolved "https://registry.yarnpkg.com/lodash.capitalize/-/lodash.capitalize-4.2.1.tgz#f826c9b4e2a8511d84e3aca29db05e1a4f3b72a9"
  integrity sha1-+CbJtOKoUR2E46yinbBeGk87cqk=

lodash.difference@=4.5.0:
  version "4.5.0"
  resolved "https://registry.yarnpkg.com/lodash.difference/-/lodash.difference-4.5.0.tgz#9ccb4e505d486b91651345772885a2df27fd017c"
  integrity sha1-nMtOUF1Ia5FlE0V3KIWi3yf9AXw=

lodash.differenceby@=4.8.0:
  version "4.8.0"
  resolved "https://registry.yarnpkg.com/lodash.differenceby/-/lodash.differenceby-4.8.0.tgz#cfd59e94353af5de51da5d302ca4ebff33faac57"
  integrity sha1-z9WelDU69d5R2l0wLKTr/zP6rFc=

lodash.get@^4.4.2:
  version "4.4.2"
  resolved "https://registry.yarnpkg.com/lodash.get/-/lodash.get-4.4.2.tgz#2d177f652fa31e939b4438d5341499dfa3825e99"
  integrity sha1-LRd/ZS+jHpObRDjVNBSZ36OCXpk=

lodash.isequal@=4.5.0:
  version "4.5.0"
  resolved "https://registry.yarnpkg.com/lodash.isequal/-/lodash.isequal-4.5.0.tgz#415c4478f2bcc30120c22ce10ed3226f7d3e18e0"
  integrity sha1-QVxEePK8wwEgwizhDtMib30+GOA=

lodash.kebabcase@=4.1.1:
  version "4.1.1"
  resolved "https://registry.yarnpkg.com/lodash.kebabcase/-/lodash.kebabcase-4.1.1.tgz#8489b1cb0d29ff88195cceca448ff6d6cc295c36"
  integrity sha1-hImxyw0p/4gZXM7KRI/21swpXDY=

lodash.merge@^4.6.1:
  version "4.6.2"
  resolved "https://registry.yarnpkg.com/lodash.merge/-/lodash.merge-4.6.2.tgz#558aa53b43b661e1925a0afdfa36a9a1085fe57a"
  integrity sha512-0KpjqXRVvrYyCsX1swR/XTK0va6VQkQM6MNo7PqW77ByjAhoARA8EfrP1N4+KlKj8YS0ZUCtRT/YUuhyYDujIQ==

lodash.range@=3.2.0:
  version "3.2.0"
  resolved "https://registry.yarnpkg.com/lodash.range/-/lodash.range-3.2.0.tgz#f461e588f66683f7eadeade513e38a69a565a15d"
  integrity sha1-9GHliPZmg/fq3q3lE+OKaaVloV0=

lodash.uniqby@=4.7.0:
  version "4.7.0"
  resolved "https://registry.yarnpkg.com/lodash.uniqby/-/lodash.uniqby-4.7.0.tgz#d99c07a669e9e6d24e1362dfe266c67616af1302"
  integrity sha1-2ZwHpmnp5tJOE2Lf4mbGdhavEwI=

lodash@^4.17.11, lodash@^4.17.13:
  version "4.17.15"
  resolved "https://registry.yarnpkg.com/lodash/-/lodash-4.17.15.tgz#b447f6670a0455bbfeedd11392eff330ea097548"
  integrity sha512-8xOcRHvCjnocdS5cpwXQXVzmmh5e5+saE2QGoeQmbKmRS6J3VQppPOIt0MnmE+4xlZoumy0GPG0D0MVIQbNA1A==

loose-envify@^1.0.0, loose-envify@^1.4.0:
  version "1.4.0"
  resolved "https://registry.yarnpkg.com/loose-envify/-/loose-envify-1.4.0.tgz#71ee51fa7be4caec1a63839f7e682d8132d30caf"
  integrity sha512-lyuxPGr/Wfhrlem2CL/UcnUc1zcqKAImBDzukY7Y5F/yQiNdko6+fRLevlw1HgMySw7f611UIY408EtxRSoK3Q==
  dependencies:
    js-tokens "^3.0.0 || ^4.0.0"

marked@^0.7.0:
  version "0.7.0"
  resolved "https://registry.yarnpkg.com/marked/-/marked-0.7.0.tgz#b64201f051d271b1edc10a04d1ae9b74bb8e5c0e"
  integrity sha512-c+yYdCZJQrsRjTPhUx7VKkApw9bwDkNbHUKo1ovgcfDjb2kc8rLuRbIFyXL5WOEUwzSSKo3IXpph2K6DqB/KZg==

match-sorter@=3.1.1:
  version "3.1.1"
  resolved "https://registry.yarnpkg.com/match-sorter/-/match-sorter-3.1.1.tgz#a49889245da80a3d6a032eca0c18e21f265bb42a"
  integrity sha512-Qlox3wRM/Q4Ww9rv1cBmYKNJwWVX/WC+eA3+1S3Fv4EOhrqyp812ZEfVFKQk0AP6RfzmPUUOwEZBbJ8IRt8SOw==
  dependencies:
    remove-accents "0.4.2"

memoize-one@^5.0.0:
  version "5.1.1"
  resolved "https://registry.yarnpkg.com/memoize-one/-/memoize-one-5.1.1.tgz#047b6e3199b508eaec03504de71229b8eb1d75c0"
  integrity sha512-HKeeBpWvqiVJD57ZUAsJNm71eHTykffzcLZVYWiVfQeI1rJtuEaS7hQiEpWfVVk18donPwJEcFKIkCmPJNOhHA==

merge-anything@^2.2.4:
  version "2.4.4"
  resolved "https://registry.yarnpkg.com/merge-anything/-/merge-anything-2.4.4.tgz#6226b2ac3d3d3fc5fb9e8d23aa400df25f98fdf0"
  integrity sha512-l5XlriUDJKQT12bH+rVhAHjwIuXWdAIecGwsYjv2LJo+dA1AeRTmeQS+3QBpO6lEthBMDi2IUMpLC1yyRvGlwQ==
  dependencies:
    is-what "^3.3.1"

mime@=2.4.4:
  version "2.4.4"
  resolved "https://registry.yarnpkg.com/mime/-/mime-2.4.4.tgz#bd7b91135fc6b01cde3e9bae33d659b63d8857e5"
  integrity sha512-LRxmNwziLPT828z+4YkNzloCFC2YM4wrB99k+AV5ZbEyfGNWfG8SO1FUXLmLDBSo89NrJZ4DIWeLjy1CHGhMGA==

ms@^2.1.1:
  version "2.1.2"
  resolved "https://registry.yarnpkg.com/ms/-/ms-2.1.2.tgz#d09d1f357b443f493382a8eb3ccd183872ae6009"
  integrity sha512-sGkPx+VjMtmA6MX27oA4FBFELFCZZ4S4XqeGOXCv68tT+jb3vk/RyaKWP0PTKyWtmLSM0b+adUTEvbs1PEaH2w==

object-assign@^4.1.1:
  version "4.1.1"
  resolved "https://registry.yarnpkg.com/object-assign/-/object-assign-4.1.1.tgz#2109adc7965887cfc05cbbd442cac8bfbb360863"
  integrity sha1-IQmtx5ZYh8/AXLvUQsrIv7s2CGM=

object-is@^1.0.1:
  version "1.0.1"
  resolved "https://registry.yarnpkg.com/object-is/-/object-is-1.0.1.tgz#0aa60ec9989a0b3ed795cf4d06f62cf1ad6539b6"
  integrity sha1-CqYOyZiaCz7Xlc9NBvYs8a1lObY=

object-keys@^1.0.12, object-keys@^1.1.1:
  version "1.1.1"
  resolved "https://registry.yarnpkg.com/object-keys/-/object-keys-1.1.1.tgz#1c47f272df277f3b1daf061677d9c82e2322c60e"
  integrity sha512-NuAESUOUMrlIXOfHKzD6bpPu3tYt3xvjNdRIQ+FeT0lNb4K8WR70CaDxhuNguS2XG+GjkyMwOzsN5ZktImfhLA==

polished@^3.4.1:
  version "3.4.2"
  resolved "https://registry.yarnpkg.com/polished/-/polished-3.4.2.tgz#b4780dad81d64df55615fbfc77acb52fd17d88cd"
  integrity sha512-9Rch6iMZckABr6EFCLPZsxodeBpXMo9H4fRlfR/9VjMEyy5xpo1/WgXlJGgSjPyVhEZNycbW7UmYMNyWS5MI0g==
  dependencies:
    "@babel/runtime" "^7.6.3"

popper.js@^1.14.4, popper.js@^1.16.0:
  version "1.16.0"
  resolved "https://registry.yarnpkg.com/popper.js/-/popper.js-1.16.0.tgz#2e1816bcbbaa518ea6c2e15a466f4cb9c6e2fbb3"
  integrity sha512-+G+EkOPoE5S/zChTpmBSSDYmhXJ5PsW8eMhH8cP/CQHMFPBG/kC9Y5IIw6qNYgdJ+/COf0ddY2li28iHaZRSjw==

postcss-value-parser@^3.3.0:
  version "3.3.1"
  resolved "https://registry.yarnpkg.com/postcss-value-parser/-/postcss-value-parser-3.3.1.tgz#9ff822547e2893213cf1c30efa51ac5fd1ba8281"
  integrity sha512-pISE66AbVkp4fDQ7VHBwRNXzAAKJjw4Vw7nWI/+Q3vuly7SNfgYXvm6i5IgFylHGK5sP/xHAbB7N49OS4gWNyQ==

prop-types@^15.5.4, prop-types@^15.6.0, prop-types@^15.6.1, prop-types@^15.7.2:
  version "15.7.2"
  resolved "https://registry.yarnpkg.com/prop-types/-/prop-types-15.7.2.tgz#52c41e75b8c87e72b9d9360e0206b99dcbffa6c5"
  integrity sha512-8QQikdH7//R2vurIJSutZ1smHYTcLpRWEOlHnzcWHmBYrOGUysKwSsrC89BCiFj3CbrfJ/nXFdJepOVrY1GCHQ==
  dependencies:
    loose-envify "^1.4.0"
    object-assign "^4.1.1"
    react-is "^16.8.1"

react-datepicker@^2.9.6:
  version "2.10.1"
  resolved "https://registry.yarnpkg.com/react-datepicker/-/react-datepicker-2.10.1.tgz#5db917a8e10af8b311715f4bdae8b8dfe64f9357"
  integrity sha512-b9UjPy5/uZpzqBoGJdR9Mwnv/0ecHyUQUJf499hm2m2Luo3u9HZwAERSExYC4CvAecVUz88AsfowrjVAf7Kulg==
  dependencies:
    classnames "^2.2.6"
    date-fns "^2.0.1"
    prop-types "^15.7.2"
    react-onclickoutside "^6.9.0"
    react-popper "^1.3.4"

react-dropzone@^10.1.8:
  version "10.2.1"
  resolved "https://registry.yarnpkg.com/react-dropzone/-/react-dropzone-10.2.1.tgz#b7520124c4a3b66f96d49f7879027c7a475eaa20"
  integrity sha512-Me5nOu8hK9/Xyg5easpdfJ6SajwUquqYR/2YTdMotsCUgJ1pHIIwNsv0n+qcIno0tWR2V2rVQtj2r/hXYs2TnQ==
  dependencies:
    attr-accept "^2.0.0"
    file-selector "^0.1.12"
    prop-types "^15.7.2"

react-flatten-children@^1.0.0:
  version "1.0.0"
  resolved "https://registry.yarnpkg.com/react-flatten-children/-/react-flatten-children-1.0.0.tgz#9f29e3a54aa0e990c2b3a7e572dec5e225d59432"
  integrity sha512-BSKnBi7MJadvfTjE07xzJoBNhlKYY8FfQUJ1e5dlFh4lMZf3i1AcldP/9d2hBeEtFeYleHCU8nYTuSzrz3ZwsA==

react-is@^16.5.2, react-is@^16.6.0, react-is@^16.8.1:
  version "16.12.0"
  resolved "https://registry.yarnpkg.com/react-is/-/react-is-16.12.0.tgz#2cc0fe0fba742d97fd527c42a13bec4eeb06241c"
  integrity sha512-rPCkf/mWBtKc97aLL9/txD8DZdemK0vkA3JMLShjlJB3Pj3s+lpf1KaBzMfQrAmhMQB0n1cU/SUGgKKBCe837Q==

react-onclickoutside@^6.9.0:
  version "6.9.0"
  resolved "https://registry.yarnpkg.com/react-onclickoutside/-/react-onclickoutside-6.9.0.tgz#a54bc317ae8cf6131a5d78acea55a11067f37a1f"
  integrity sha512-8ltIY3bC7oGhj2nPAvWOGi+xGFybPNhJM0V1H8hY/whNcXgmDeaeoCMPPd8VatrpTsUWjb/vGzrmu6SrXVty3A==

react-popper@^1.3.4:
  version "1.3.7"
  resolved "https://registry.yarnpkg.com/react-popper/-/react-popper-1.3.7.tgz#f6a3471362ef1f0d10a4963673789de1baca2324"
  integrity sha512-nmqYTx7QVjCm3WUZLeuOomna138R1luC4EqkW3hxJUrAe+3eNz3oFCLYdnPwILfn0mX1Ew2c3wctrjlUMYYUww==
  dependencies:
    "@babel/runtime" "^7.1.2"
    create-react-context "^0.3.0"
    deep-equal "^1.1.1"
    popper.js "^1.14.4"
    prop-types "^15.6.1"
    typed-styles "^0.0.7"
    warning "^4.0.2"

react-simplemde-editor@=4.0.2:
  version "4.0.2"
  resolved "https://registry.yarnpkg.com/react-simplemde-editor/-/react-simplemde-editor-4.0.2.tgz#eda026db65f21474ea1a37cca8954a8557392a86"
  integrity sha512-Nr0Eh2RJAIUqcQDBe9HUocR8TzaHOUBx6/H4GivcRm4glwAE8P3Z1xEGjtYNZdUQbzqu6Z6R7/4hJR9I7bOdVg==
  dependencies:
    "@types/codemirror" "^0.0.65"
    easymde "^2.6.0"

reakit-system@^0.7.1:
  version "0.7.1"
  resolved "https://registry.yarnpkg.com/reakit-system/-/reakit-system-0.7.1.tgz#ab794823ed1dce5aa7269fcca5a193097950f8b1"
  integrity sha512-a7hGv5hVe2yjSmy9EgCe6wgeBC/EPoLXxp9XFuP2VWmFw8ufJ4K7hvY/OWRgqxZHgoEoUWbO6fxYYEfZ7YfoPg==

reakit-utils@^0.7.2:
  version "0.7.2"
  resolved "https://registry.yarnpkg.com/reakit-utils/-/reakit-utils-0.7.2.tgz#5e19016f4ad2bf07f70d8c38d3f9a44dbf7f3e87"
  integrity sha512-cHG5QjimeYQEWJjmrEK+p2YwaOiqbwkbhzZlqQHOfYj5h7B/MrpyssVYlDBSQozEXM9pZwtUFGQSI2bG9jok9A==

reakit@^1.0.0-beta.7:
  version "1.0.0-beta.13"
  resolved "https://registry.yarnpkg.com/reakit/-/reakit-1.0.0-beta.13.tgz#f29cb481250a628782e745f44b014a9a7fe3c0be"
  integrity sha512-lQ50v2801aBi6+8pZ3iD09U7URYNGEo99vrF+NSPlDzYWofbiIAiEZ2hpTnNtc/8OXZusrkrVW1d8rsmJGNWhw==
  dependencies:
    body-scroll-lock "^2.6.4"
    popper.js "^1.16.0"
    reakit-system "^0.7.1"
    reakit-utils "^0.7.2"

regenerator-runtime@^0.13.2:
  version "0.13.3"
  resolved "https://registry.yarnpkg.com/regenerator-runtime/-/regenerator-runtime-0.13.3.tgz#7cf6a77d8f5c6f60eb73c5fc1955b2ceb01e6bf5"
  integrity sha512-naKIZz2GQ8JWh///G7L3X6LaQUAMp2lvb1rvwwsURe/VXwD6VMfr+/1NuNw3ag8v2kY1aQ/go5SNn79O9JU7yw==

regexp.prototype.flags@^1.2.0:
  version "1.2.0"
  resolved "https://registry.yarnpkg.com/regexp.prototype.flags/-/regexp.prototype.flags-1.2.0.tgz#6b30724e306a27833eeb171b66ac8890ba37e41c"
  integrity sha512-ztaw4M1VqgMwl9HlPpOuiYgItcHlunW0He2fE6eNfT6E/CF2FtYi9ofOYe4mKntstYk0Fyh/rDRBdS3AnxjlrA==
  dependencies:
    define-properties "^1.1.2"

remove-accents@0.4.2:
  version "0.4.2"
  resolved "https://registry.yarnpkg.com/remove-accents/-/remove-accents-0.4.2.tgz#0a43d3aaae1e80db919e07ae254b285d9e1c7bb5"
  integrity sha1-CkPTqq4egNuRngeuJUsoXZ4ce7U=

source-map@^0.5.0:
  version "0.5.7"
  resolved "https://registry.yarnpkg.com/source-map/-/source-map-0.5.7.tgz#8a039d2d1021d22d1ea14c80d8ea468ba2ef3fcc"
  integrity sha1-igOdLRAh0i0eoUyA2OpGi6LvP8w=

styled-components@^4.3.2:
  version "4.4.1"
  resolved "https://registry.yarnpkg.com/styled-components/-/styled-components-4.4.1.tgz#e0631e889f01db67df4de576fedaca463f05c2f2"
  integrity sha512-RNqj14kYzw++6Sr38n7197xG33ipEOktGElty4I70IKzQF1jzaD1U4xQ+Ny/i03UUhHlC5NWEO+d8olRCDji6g==
  dependencies:
    "@babel/helper-module-imports" "^7.0.0"
    "@babel/traverse" "^7.0.0"
    "@emotion/is-prop-valid" "^0.8.1"
    "@emotion/unitless" "^0.7.0"
    babel-plugin-styled-components ">= 1"
    css-to-react-native "^2.2.2"
    memoize-one "^5.0.0"
    merge-anything "^2.2.4"
    prop-types "^15.5.4"
    react-is "^16.6.0"
    stylis "^3.5.0"
    stylis-rule-sheet "^0.0.10"
    supports-color "^5.5.0"

stylis-rule-sheet@^0.0.10:
  version "0.0.10"
  resolved "https://registry.yarnpkg.com/stylis-rule-sheet/-/stylis-rule-sheet-0.0.10.tgz#44e64a2b076643f4b52e5ff71efc04d8c3c4a430"
  integrity sha512-nTbZoaqoBnmK+ptANthb10ZRZOGC+EmTLLUxeYIuHNkEKcmKgXX1XWKkUBT2Ac4es3NybooPe0SmvKdhKJZAuw==

stylis@^3.5.0:
  version "3.5.4"
  resolved "https://registry.yarnpkg.com/stylis/-/stylis-3.5.4.tgz#f665f25f5e299cf3d64654ab949a57c768b73fbe"
  integrity sha512-8/3pSmthWM7lsPBKv7NXkzn2Uc9W7NotcwGNpJaa3k7WMM1XDCA4MgT5k/8BIexd5ydZdboXtU90XH9Ec4Bv/Q==

supports-color@^5.3.0, supports-color@^5.5.0:
  version "5.5.0"
  resolved "https://registry.yarnpkg.com/supports-color/-/supports-color-5.5.0.tgz#e2e69a44ac8772f78a1ec0b35b689df6530efc8f"
  integrity sha512-QjVjwdXIt408MIiAqCX4oUKsgU2EqAGzs2Ppkm4aQYbjm+ZEWEcW4SfFNTr4uMNZma0ey4f5lgLrkB0aX0QMow==
  dependencies:
    has-flag "^3.0.0"

to-fast-properties@^2.0.0:
  version "2.0.0"
  resolved "https://registry.yarnpkg.com/to-fast-properties/-/to-fast-properties-2.0.0.tgz#dc5e698cbd079265bc73e0377681a4e4e83f616e"
  integrity sha1-3F5pjL0HkmW8c+A3doGk5Og/YW4=

tslib@^1.9.0:
  version "1.10.0"
  resolved "https://registry.yarnpkg.com/tslib/-/tslib-1.10.0.tgz#c3c19f95973fb0a62973fb09d90d961ee43e5c8a"
  integrity sha512-qOebF53frne81cf0S9B41ByenJ3/IuH8yJKngAX35CmiZySA0khhkovshKK+jGCaMnVomla7gVlIcc3EvKPbTQ==

typed-styles@^0.0.7:
  version "0.0.7"
  resolved "https://registry.yarnpkg.com/typed-styles/-/typed-styles-0.0.7.tgz#93392a008794c4595119ff62dde6809dbc40a3d9"
  integrity sha512-pzP0PWoZUhsECYjABgCGQlRGL1n7tOHsgwYv3oIiEpJwGhFTuty/YNeduxQYzXXa3Ge5BdT6sHYIQYpl4uJ+5Q==

typo-js@*:
  version "1.1.0"
  resolved "https://registry.yarnpkg.com/typo-js/-/typo-js-1.1.0.tgz#a5a9f592bcb453666bf70c9694da58705d025ed8"
  integrity sha512-W3kLbx+ML9PBl5Bzso/lTvVxk4BCveSNAtQeht59FEtxCdGThmn6wSHA4Xq3eQYAK24NHdisMM4JmsK0GFy/pg==

warning@^4.0.2, warning@^4.0.3:
  version "4.0.3"
  resolved "https://registry.yarnpkg.com/warning/-/warning-4.0.3.tgz#16e9e077eb8a86d6af7d64aa1e05fd85b4678ca3"
  integrity sha512-rpJyN222KWIvHJ/F53XSZv0Zl/accqHR8et1kpaMTD/fLCRxtV8iX8czMzY7sVZupTI3zcUTg8eycS2kNF9l6w==
  dependencies:
    loose-envify "^1.0.0"
