# THIS IS AN AUTOGENERATED FILE. DO NOT EDIT THIS FILE DIRECTLY.
# yarn lockfile v1


"@babel/runtime@^7.4.5":
  version "7.7.6"
  resolved "https://registry.yarnpkg.com/@babel/runtime/-/runtime-7.7.6.tgz#d18c511121aff1b4f2cd1d452f1bac9601dd830f"
  integrity sha512-BWAJxpNVa0QlE5gZdWjSxXtemZyZ9RmrmVozxt3NUXeZhVIJ5ANyqmMc0JDrivBZyxUuQvFxlvH4OWWOogGfUw==
  dependencies:
    regenerator-runtime "^0.13.2"

react-final-form@^6.3.3:
  version "6.3.3"
  resolved "https://registry.yarnpkg.com/react-final-form/-/react-final-form-6.3.3.tgz#8856a92278de2733f83e88c75d9ef347294a66a0"
  integrity sha512-hFLwLpLasywky46SovNEGlym7+N+3RKge1/cg+/fVec/YY0l4g0ihgjRof6PbkiYe4qGjKbwbrvlgfZ9/Uf8vw==
  dependencies:
    "@babel/runtime" "^7.4.5"
    ts-essentials "^3.0.2"

regenerator-runtime@^0.13.2:
  version "0.13.3"
  resolved "https://registry.yarnpkg.com/regenerator-runtime/-/regenerator-runtime-0.13.3.tgz#7cf6a77d8f5c6f60eb73c5fc1955b2ceb01e6bf5"
  integrity sha512-naKIZz2GQ8JWh///G7L3X6LaQUAMp2lvb1rvwwsURe/VXwD6VMfr+/1NuNw3ag8v2kY1aQ/go5SNn79O9JU7yw==

ts-essentials@^3.0.2:
  version "3.0.5"
  resolved "https://registry.yarnpkg.com/ts-essentials/-/ts-essentials-3.0.5.tgz#34a45f9f2b3817ed6756a4a876a0543a1cedc12a"
  integrity sha512-2aZyDplUuZ44ABrP9Z8kWzgrCLgntyro+WZMXgJOp5Lhx7e/N3eIDeDQUOHNUKDVyGrGtlOYy1WMkOrZBqLiUA==
